
Microsoft Visual Studio Solution File, Format Version 12.00
# Visual Studio Version 17
VisualStudioVersion = 17.0.31903.59
MinimumVisualStudioVersion = 10.0.40219.1
Project("{FAE04EC0-301F-11D3-BF4B-00C04F79EFBC}") = "Maliev.AccountingService.Api", "Maliev.AccountingService.Api\Maliev.AccountingService.Api.csproj", "{EBF5A4DD-A58E-48B3-B165-D84D22CB9313}"
EndProject
Project("{FAE04EC0-301F-11D3-BF4B-00C04F79EFBC}") = "Maliev.AccountingService.Data", "Maliev.AccountingService.Data\Maliev.AccountingService.Data.csproj", "{BF4CD3C4-C6B4-47F7-B16D-A54278BB9B08}"
EndProject
Project("{FAE04EC0-301F-11D3-BF4B-00C04F79EFBC}") = "Maliev.AccountingService.Tests", "Maliev.AccountingService.Tests\Maliev.AccountingService.Tests.csproj", "{048AA24B-D4F9-4CE7-8A5A-54E5A785874F}"
EndProject
Global
	GlobalSection(SolutionConfigurationPlatforms) = preSolution
		Debug|Any CPU = Debug|Any CPU
		Debug|x64 = Debug|x64
		Debug|x86 = Debug|x86
		Release|Any CPU = Release|Any CPU
		Release|x64 = Release|x64
		Release|x86 = Release|x86
	EndGlobalSection
	GlobalSection(ProjectConfigurationPlatforms) = postSolution
		{EBF5A4DD-A58E-48B3-B165-D84D22CB9313}.Debug|Any CPU.ActiveCfg = Debug|Any CPU
		{EBF5A4DD-A58E-48B3-B165-D84D22CB9313}.Debug|Any CPU.Build.0 = Debug|Any CPU
		{EBF5A4DD-A58E-48B3-B165-D84D22CB9313}.Debug|x64.ActiveCfg = Debug|Any CPU
		{EBF5A4DD-A58E-48B3-B165-D84D22CB9313}.Debug|x64.Build.0 = Debug|Any CPU
		{EBF5A4DD-A58E-48B3-B165-D84D22CB9313}.Debug|x86.ActiveCfg = Debug|Any CPU
		{EBF5A4DD-A58E-48B3-B165-D84D22CB9313}.Debug|x86.Build.0 = Debug|Any CPU
		{EBF5A4DD-A58E-48B3-B165-D84D22CB9313}.Release|Any CPU.ActiveCfg = Release|Any CPU
		{EBF5A4DD-A58E-48B3-B165-D84D22CB9313}.Release|Any CPU.Build.0 = Release|Any CPU
		{EBF5A4DD-A58E-48B3-B165-D84D22CB9313}.Release|x64.ActiveCfg = Release|Any CPU
		{EBF5A4DD-A58E-48B3-B165-D84D22CB9313}.Release|x64.Build.0 = Release|Any CPU
		{EBF5A4DD-A58E-48B3-B165-D84D22CB9313}.Release|x86.ActiveCfg = Release|Any CPU
		{EBF5A4DD-A58E-48B3-B165-D84D22CB9313}.Release|x86.Build.0 = Release|Any CPU
		{BF4CD3C4-C6B4-47F7-B16D-A54278BB9B08}.Debug|Any CPU.ActiveCfg = Debug|Any CPU
		{BF4CD3C4-C6B4-47F7-B16D-A54278BB9B08}.Debug|Any CPU.Build.0 = Debug|Any CPU
		{BF4CD3C4-C6B4-47F7-B16D-A54278BB9B08}.Debug|x64.ActiveCfg = Debug|Any CPU
		{BF4CD3C4-C6B4-47F7-B16D-A54278BB9B08}.Debug|x64.Build.0 = Debug|Any CPU
		{BF4CD3C4-C6B4-47F7-B16D-A54278BB9B08}.Debug|x86.ActiveCfg = Debug|Any CPU
		{BF4CD3C4-C6B4-47F7-B16D-A54278BB9B08}.Debug|x86.Build.0 = Debug|Any CPU
		{BF4CD3C4-C6B4-47F7-B16D-A54278BB9B08}.Release|Any CPU.ActiveCfg = Release|Any CPU
		{BF4CD3C4-C6B4-47F7-B16D-A54278BB9B08}.Release|Any CPU.Build.0 = Release|Any CPU
		{BF4CD3C4-C6B4-47F7-B16D-A54278BB9B08}.Release|x64.ActiveCfg = Release|Any CPU
		{BF4CD3C4-C6B4-47F7-B16D-A54278BB9B08}.Release|x64.Build.0 = Release|Any CPU
		{BF4CD3C4-C6B4-47F7-B16D-A54278BB9B08}.Release|x86.ActiveCfg = Release|Any CPU
		{BF4CD3C4-C6B4-47F7-B16D-A54278BB9B08}.Release|x86.Build.0 = Release|Any CPU
		{048AA24B-D4F9-4CE7-8A5A-54E5A785874F}.Debug|Any CPU.ActiveCfg = Debug|Any CPU
		{048AA24B-D4F9-4CE7-8A5A-54E5A785874F}.Debug|Any CPU.Build.0 = Debug|Any CPU
		{048AA24B-D4F9-4CE7-8A5A-54E5A785874F}.Debug|x64.ActiveCfg = Debug|Any CPU
		{048AA24B-D4F9-4CE7-8A5A-54E5A785874F}.Debug|x64.Build.0 = Debug|Any CPU
		{048AA24B-D4F9-4CE7-8A5A-54E5A785874F}.Debug|x86.ActiveCfg = Debug|Any CPU
		{048AA24B-D4F9-4CE7-8A5A-54E5A785874F}.Debug|x86.Build.0 = Debug|Any CPU
		{048AA24B-D4F9-4CE7-8A5A-54E5A785874F}.Release|Any CPU.ActiveCfg = Release|Any CPU
		{048AA24B-D4F9-4CE7-8A5A-54E5A785874F}.Release|Any CPU.Build.0 = Release|Any CPU
		{048AA24B-D4F9-4CE7-8A5A-54E5A785874F}.Release|x64.ActiveCfg = Release|Any CPU
		{048AA24B-D4F9-4CE7-8A5A-54E5A785874F}.Release|x64.Build.0 = Release|Any CPU
		{048AA24B-D4F9-4CE7-8A5A-54E5A785874F}.Release|x86.ActiveCfg = Release|Any CPU
		{048AA24B-D4F9-4CE7-8A5A-54E5A785874F}.Release|x86.Build.0 = Release|Any CPU
	EndGlobalSection
	GlobalSection(SolutionProperties) = preSolution
		HideSolutionNode = FALSE
	EndGlobalSection
EndGlobal
